// !$*UTF8*$!
{
	archiveVersion = 1;
	classes = {
	};
	objectVersion = 55;
	objects = {

/* Begin PBXBuildFile section */
		30FBD3C327BEDBB100FA8C43 /* SolidPrinciplesApp.swift in Sources */ = {isa = PBXBuildFile; fileRef = 30FBD3C227BEDBB100FA8C43 /* SolidPrinciplesApp.swift */; };
		30FBD3C527BEDBB100FA8C43 /* ContentView.swift in Sources */ = {isa = PBXBuildFile; fileRef = 30FBD3C427BEDBB100FA8C43 /* ContentView.swift */; };
		30FBD3C727BEDBB400FA8C43 /* Assets.xcassets in Resources */ = {isa = PBXBuildFile; fileRef = 30FBD3C627BEDBB400FA8C43 /* Assets.xcassets */; };
		30FBD3CA27BEDBB400FA8C43 /* Preview Assets.xcassets in Resources */ = {isa = PBXBuildFile; fileRef = 30FBD3C927BEDBB400FA8C43 /* Preview Assets.xcassets */; };
		30FBD3D227BEDBC700FA8C43 /* SlideInView.swift in Sources */ = {isa = PBXBuildFile; fileRef = 30FBD3D127BEDBC700FA8C43 /* SlideInView.swift */; };
		30FBD3D627BEDCB300FA8C43 /* SRP-Before.swift in Sources */ = {isa = PBXBuildFile; fileRef = 30FBD3D527BEDCB300FA8C43 /* SRP-Before.swift */; };
		30FBD3D927BEDDE100FA8C43 /* SRP-After.swift in Sources */ = {isa = PBXBuildFile; fileRef = 30FBD3D827BEDDE100FA8C43 /* SRP-After.swift */; };
		30FBD3DC27BEE16A00FA8C43 /* OCP-Before.swift in Sources */ = {isa = PBXBuildFile; fileRef = 30FBD3DB27BEE16A00FA8C43 /* OCP-Before.swift */; };
		30FBD3DE27BEE17700FA8C43 /* OCP-After.swift in Sources */ = {isa = PBXBuildFile; fileRef = 30FBD3DD27BEE17700FA8C43 /* OCP-After.swift */; };
/* End PBXBuildFile section */

/* Begin PBXFileReference section */
		30FBD3BF27BEDBB100FA8C43 /* SolidPrinciples.app */ = {isa = PBXFileReference; explicitFileType = wrapper.application; includeInIndex = 0; path = SolidPrinciples.app; sourceTree = BUILT_PRODUCTS_DIR; };
		30FBD3C227BEDBB100FA8C43 /* SolidPrinciplesApp.swift */ = {isa = PBXFileReference; lastKnownFileType = sourcecode.swift; path = SolidPrinciplesApp.swift; sourceTree = "<group>"; };
		30FBD3C427BEDBB100FA8C43 /* ContentView.swift */ = {isa = PBXFileReference; lastKnownFileType = sourcecode.swift; path = ContentView.swift; sourceTree = "<group>"; };
		30FBD3C627BEDBB400FA8C43 /* Assets.xcassets */ = {isa = PBXFileReference; lastKnownFileType = folder.assetcatalog; path = Assets.xcassets; sourceTree = "<group>"; };
		30FBD3C927BEDBB400FA8C43 /* Preview Assets.xcassets */ = {isa = PBXFileReference; lastKnownFileType = folder.assetcatalog; path = "Preview Assets.xcassets"; sourceTree = "<group>"; };
		30FBD3D127BEDBC700FA8C43 /* SlideInView.swift */ = {isa = PBXFileReference; fileEncoding = 4; lastKnownFileType = sourcecode.swift; path = SlideInView.swift; sourceTree = "<group>"; };
		30FBD3D527BEDCB300FA8C43 /* SRP-Before.swift */ = {isa = PBXFileReference; lastKnownFileType = sourcecode.swift; path = "SRP-Before.swift"; sourceTree = "<group>"; };
		30FBD3D827BEDDE100FA8C43 /* SRP-After.swift */ = {isa = PBXFileReference; lastKnownFileType = sourcecode.swift; path = "SRP-After.swift"; sourceTree = "<group>"; };
		30FBD3DB27BEE16A00FA8C43 /* OCP-Before.swift */ = {isa = PBXFileReference; lastKnownFileType = sourcecode.swift; path = "OCP-Before.swift"; sourceTree = "<group>"; };
		30FBD3DD27BEE17700FA8C43 /* OCP-After.swift */ = {isa = PBXFileReference; lastKnownFileType = sourcecode.swift; path = "OCP-After.swift"; sourceTree = "<group>"; };
/* End PBXFileReference section */

/* Begin PBXFrameworksBuildPhase section */
		30FBD3BC27BEDBB100FA8C43 /* Frameworks */ = {
			isa = PBXFrameworksBuildPhase;
			buildActionMask = 2147483647;
			files = (
			);
			runOnlyForDeploymentPostprocessing = 0;
		};
/* End PBXFrameworksBuildPhase section */

/* Begin PBXGroup section */
		30FBD3B627BEDBB100FA8C43 = {
			isa = PBXGroup;
			children = (
				30FBD3C127BEDBB100FA8C43 /* SolidPrinciples */,
				30FBD3C027BEDBB100FA8C43 /* Products */,
			);
			sourceTree = "<group>";
		};
		30FBD3C027BEDBB100FA8C43 /* Products */ = {
			isa = PBXGroup;
			children = (
				30FBD3BF27BEDBB100FA8C43 /* SolidPrinciples.app */,
			);
			name = Products;
			sourceTree = "<group>";
		};
		30FBD3C127BEDBB100FA8C43 /* SolidPrinciples */ = {
			isa = PBXGroup;
			children = (
				30FBD3C227BEDBB100FA8C43 /* SolidPrinciplesApp.swift */,
				30FBD3C427BEDBB100FA8C43 /* ContentView.swift */,
				30FBD3D327BEDC9300FA8C43 /* Solid */,
				30FBD3D027BEDBC700FA8C43 /* Resources */,
				30FBD3C627BEDBB400FA8C43 /* Assets.xcassets */,
				30FBD3C827BEDBB400FA8C43 /* Preview Content */,
			);
			path = SolidPrinciples;
			sourceTree = "<group>";
		};
		30FBD3C827BEDBB400FA8C43 /* Preview Content */ = {
			isa = PBXGroup;
			children = (
				30FBD3C927BEDBB400FA8C43 /* Preview Assets.xcassets */,
			);
			path = "Preview Content";
			sourceTree = "<group>";
		};
		30FBD3D027BEDBC700FA8C43 /* Resources */ = {
			isa = PBXGroup;
			children = (
				30FBD3D127BEDBC700FA8C43 /* SlideInView.swift */,
			);
			path = Resources;
			sourceTree = "<group>";
		};
		30FBD3D327BEDC9300FA8C43 /* Solid */ = {
			isa = PBXGroup;
			children = (
				30FBD3D427BEDC9800FA8C43 /* Single */,
			);
			path = Solid;
			sourceTree = "<group>";
		};
		30FBD3D427BEDC9800FA8C43 /* Single */ = {
			isa = PBXGroup;
			children = (
				30FBD3D727BEDDC800FA8C43 /* SRP */,
				30FBD3DA27BEE13000FA8C43 /* OCP */,
			);
			path = Single;
			sourceTree = "<group>";
		};
		30FBD3D727BEDDC800FA8C43 /* SRP */ = {
			isa = PBXGroup;
			children = (
				30FBD3D527BEDCB300FA8C43 /* SRP-Before.swift */,
				30FBD3D827BEDDE100FA8C43 /* SRP-After.swift */,
			);
			path = SRP;
			sourceTree = "<group>";
		};
		30FBD3DA27BEE13000FA8C43 /* OCP */ = {
			isa = PBXGroup;
			children = (
				30FBD3DB27BEE16A00FA8C43 /* OCP-Before.swift */,
				30FBD3DD27BEE17700FA8C43 /* OCP-After.swift */,
			);
			path = OCP;
			sourceTree = "<group>";
		};
/* End PBXGroup section */

/* Begin PBXNativeTarget section */
		30FBD3BE27BEDBB100FA8C43 /* SolidPrinciples */ = {
			isa = PBXNativeTarget;
			buildConfigurationList = 30FBD3CD27BEDBB400FA8C43 /* Build configuration list for PBXNativeTarget "SolidPrinciples" */;
			buildPhases = (
				30FBD3BB27BEDBB100FA8C43 /* Sources */,
				30FBD3BC27BEDBB100FA8C43 /* Frameworks */,
				30FBD3BD27BEDBB100FA8C43 /* Resources */,
			);
			buildRules = (
			);
			dependencies = (
			);
			name = SolidPrinciples;
			productName = SolidPrinciples;
			productReference = 30FBD3BF27BEDBB100FA8C43 /* SolidPrinciples.app */;
			productType = "com.apple.product-type.application";
		};
/* End PBXNativeTarget section */

/* Begin PBXProject section */
		30FBD3B727BEDBB100FA8C43 /* Project object */ = {
			isa = PBXProject;
			attributes = {
				BuildIndependentTargetsInParallel = 1;
				LastSwiftUpdateCheck = 1310;
				LastUpgradeCheck = 1310;
				TargetAttributes = {
					30FBD3BE27BEDBB100FA8C43 = {
						CreatedOnToolsVersion = 13.1;
					};
				};
			};
			buildConfigurationList = 30FBD3BA27BEDBB100FA8C43 /* Build configuration list for PBXProject "SolidPrinciples" */;
			compatibilityVersion = "Xcode 13.0";
			developmentRegion = en;
			hasScannedForEncodings = 0;
			knownRegions = (
				en,
				Base,
			);
			mainGroup = 30FBD3B627BEDBB100FA8C43;
			productRefGroup = 30FBD3C027BEDBB100FA8C43 /* Products */;
			projectDirPath = "";
			projectRoot = "";
			targets = (
				30FBD3BE27BEDBB100FA8C43 /* SolidPrinciples */,
			);
		};
/* End PBXProject section */

/* Begin PBXResourcesBuildPhase section */
		30FBD3BD27BEDBB100FA8C43 /* Resources */ = {
			isa = PBXResourcesBuildPhase;
			buildActionMask = 2147483647;
			files = (
				30FBD3CA27BEDBB400FA8C43 /* Preview Assets.xcassets in Resources */,
				30FBD3C727BEDBB400FA8C43 /* Assets.xcassets in Resources */,
			);
			runOnlyForDeploymentPostprocessing = 0;
		};
/* End PBXResourcesBuildPhase section */

/* Begin PBXSourcesBuildPhase section */
		30FBD3BB27BEDBB100FA8C43 /* Sources */ = {
			isa = PBXSourcesBuildPhase;
			buildActionMask = 2147483647;
			files = (
				30FBD3C527BEDBB100FA8C43 /* ContentView.swift in Sources */,
				30FBD3DC27BEE16A00FA8C43 /* OCP-Before.swift in Sources */,
				30FBD3D627BEDCB300FA8C43 /* SRP-Before.swift in Sources */,
				30FBD3D227BEDBC700FA8C43 /* SlideInView.swift in Sources */,
				30FBD3D927BEDDE100FA8C43 /* SRP-After.swift in Sources */,
				30FBD3C327BEDBB100FA8C43 /* SolidPrinciplesApp.swift in Sources */,
				30FBD3DE27BEE17700FA8C43 /* OCP-After.swift in Sources */,
			);
			runOnlyForDeploymentPostprocessing = 0;
		};
/* End PBXSourcesBuildPhase section */

/* Begin XCBuildConfiguration section */
		30FBD3CB27BEDBB400FA8C43 /* Debug */ = {
			isa = XCBuildConfiguration;
			buildSettings = {
				ALWAYS_SEARCH_USER_PATHS = NO;
				CLANG_ANALYZER_NONNULL = YES;
				CLANG_ANALYZER_NUMBER_OBJECT_CONVERSION = YES_AGGRESSIVE;
				CLANG_CXX_LANGUAGE_STANDARD = "gnu++17";
				CLANG_CXX_LIBRARY = "libc++";
				CLANG_ENABLE_MODULES = YES;
				CLANG_ENABLE_OBJC_ARC = YES;
				CLANG_ENABLE_OBJC_WEAK = YES;
				CLANG_WARN_BLOCK_CAPTURE_AUTORELEASING = YES;
				CLANG_WARN_BOOL_CONVERSION = YES;
				CLANG_WARN_COMMA = YES;
				CLANG_WARN_CONSTANT_CONVERSION = YES;
				CLANG_WARN_DEPRECATED_OBJC_IMPLEMENTATIONS = YES;
				CLANG_WARN_DIRECT_OBJC_ISA_USAGE = YES_ERROR;
				CLANG_WARN_DOCUMENTATION_COMMENTS = YES;
				CLANG_WARN_EMPTY_BODY = YES;
				CLANG_WARN_ENUM_CONVERSION = YES;
				CLANG_WARN_INFINITE_RECURSION = YES;
				CLANG_WARN_INT_CONVERSION = YES;
				CLANG_WARN_NON_LITERAL_NULL_CONVERSION = YES;
				CLANG_WARN_OBJC_IMPLICIT_RETAIN_SELF = YES;
				CLANG_WARN_OBJC_LITERAL_CONVERSION = YES;
				CLANG_WARN_OBJC_ROOT_CLASS = YES_ERROR;
				CLANG_WARN_QUOTED_INCLUDE_IN_FRAMEWORK_HEADER = YES;
				CLANG_WARN_RANGE_LOOP_ANALYSIS = YES;
				CLANG_WARN_STRICT_PROTOTYPES = YES;
				CLANG_WARN_SUSPICIOUS_MOVE = YES;
				CLANG_WARN_UNGUARDED_AVAILABILITY = YES_AGGRESSIVE;
				CLANG_WARN_UNREACHABLE_CODE = YES;
				CLANG_WARN__DUPLICATE_METHOD_MATCH = YES;
				COPY_PHASE_STRIP = NO;
				DEBUG_INFORMATION_FORMAT = dwarf;
				ENABLE_STRICT_OBJC_MSGSEND = YES;
				ENABLE_TESTABILITY = YES;
				GCC_C_LANGUAGE_STANDARD = gnu11;
				GCC_DYNAMIC_NO_PIC = NO;
				GCC_NO_COMMON_BLOCKS = YES;
				GCC_OPTIMIZATION_LEVEL = 0;
				GCC_PREPROCESSOR_DEFINITIONS = (
					"DEBUG=1",
					"$(inherited)",
				);
				GCC_WARN_64_TO_32_BIT_CONVERSION = YES;
				GCC_WARN_ABOUT_RETURN_TYPE = YES_ERROR;
				GCC_WARN_UNDECLARED_SELECTOR = YES;
				GCC_WARN_UNINITIALIZED_AUTOS = YES_AGGRESSIVE;
				GCC_WARN_UNUSED_FUNCTION = YES;
				GCC_WARN_UNUSED_VARIABLE = YES;
				IPHONEOS_DEPLOYMENT_TARGET = 15.0;
				MTL_ENABLE_DEBUG_INFO = INCLUDE_SOURCE;
				MTL_FAST_MATH = YES;
				ONLY_ACTIVE_ARCH = YES;
				SDKROOT = iphoneos;
				SWIFT_ACTIVE_COMPILATION_CONDITIONS = DEBUG;
				SWIFT_OPTIMIZATION_LEVEL = "-Onone";
			};
			name = Debug;
		};
		30FBD3CC27BEDBB400FA8C43 /* Release */ = {
			isa = XCBuildConfiguration;
			buildSettings = {
				ALWAYS_SEARCH_USER_PATHS = NO;
				CLANG_ANALYZER_NONNULL = YES;
				CLANG_ANALYZER_NUMBER_OBJECT_CONVERSION = YES_AGGRESSIVE;
				CLANG_CXX_LANGUAGE_STANDARD = "gnu++17";
				CLANG_CXX_LIBRARY = "libc++";
				CLANG_ENABLE_MODULES = YES;
				CLANG_ENABLE_OBJC_ARC = YES;
				CLANG_ENABLE_OBJC_WEAK = YES;
				CLANG_WARN_BLOCK_CAPTURE_AUTORELEASING = YES;
				CLANG_WARN_BOOL_CONVERSION = YES;
				CLANG_WARN_COMMA = YES;
				CLANG_WARN_CONSTANT_CONVERSION = YES;
				CLANG_WARN_DEPRECATED_OBJC_IMPLEMENTATIONS = YES;
				CLANG_WARN_DIRECT_OBJC_ISA_USAGE = YES_ERROR;
				CLANG_WARN_DOCUMENTATION_COMMENTS = YES;
				CLANG_WARN_EMPTY_BODY = YES;
				CLANG_WARN_ENUM_CONVERSION = YES;
				CLANG_WARN_INFINITE_RECURSION = YES;
				CLANG_WARN_INT_CONVERSION = YES;
				CLANG_WARN_NON_LITERAL_NULL_CONVERSION = YES;
				CLANG_WARN_OBJC_IMPLICIT_RETAIN_SELF = YES;
				CLANG_WARN_OBJC_LITERAL_CONVERSION = YES;
				CLANG_WARN_OBJC_ROOT_CLASS = YES_ERROR;
				CLANG_WARN_QUOTED_INCLUDE_IN_FRAMEWORK_HEADER = YES;
				CLANG_WARN_RANGE_LOOP_ANALYSIS = YES;
				CLANG_WARN_STRICT_PROTOTYPES = YES;
				CLANG_WARN_SUSPICIOUS_MOVE = YES;
				CLANG_WARN_UNGUARDED_AVAILABILITY = YES_AGGRESSIVE;
				CLANG_WARN_UNREACHABLE_CODE = YES;
				CLANG_WARN__DUPLICATE_METHOD_MATCH = YES;
				COPY_PHASE_STRIP = NO;
				DEBUG_INFORMATION_FORMAT = "dwarf-with-dsym";
				ENABLE_NS_ASSERTIONS = NO;
				ENABLE_STRICT_OBJC_MSGSEND = YES;
				GCC_C_LANGUAGE_STANDARD = gnu11;
				GCC_NO_COMMON_BLOCKS = YES;
				GCC_WARN_64_TO_32_BIT_CONVERSION = YES;
				GCC_WARN_ABOUT_RETURN_TYPE = YES_ERROR;
				GCC_WARN_UNDECLARED_SELECTOR = YES;
				GCC_WARN_UNINITIALIZED_AUTOS = YES_AGGRESSIVE;
				GCC_WARN_UNUSED_FUNCTION = YES;
				GCC_WARN_UNUSED_VARIABLE = YES;
				IPHONEOS_DEPLOYMENT_TARGET = 15.0;
				MTL_ENABLE_DEBUG_INFO = NO;
				MTL_FAST_MATH = YES;
				SDKROOT = iphoneos;
				SWIFT_COMPILATION_MODE = wholemodule;
				SWIFT_OPTIMIZATION_LEVEL = "-O";
				VALIDATE_PRODUCT = YES;
			};
			name = Release;
		};
		30FBD3CE27BEDBB400FA8C43 /* Debug */ = {
			isa = XCBuildConfiguration;
			buildSettings = {
				ASSETCATALOG_COMPILER_APPICON_NAME = AppIcon;
				ASSETCATALOG_COMPILER_GLOBAL_ACCENT_COLOR_NAME = AccentColor;
				CODE_SIGN_STYLE = Automatic;
				CURRENT_PROJECT_VERSION = 1;
				DEVELOPMENT_ASSET_PATHS = "\"SolidPrinciples/Preview Content\"";
				DEVELOPMENT_TEAM = N4Y99Y6PT4;
				ENABLE_PREVIEWS = YES;
				GENERATE_INFOPLIST_FILE = YES;
				INFOPLIST_KEY_UIApplicationSceneManifest_Generation = YES;
				INFOPLIST_KEY_UIApplicationSupportsIndirectInputEvents = YES;
				INFOPLIST_KEY_UILaunchScreen_Generation = YES;
				INFOPLIST_KEY_UISupportedInterfaceOrientations_iPad = "UIInterfaceOrientationPortrait UIInterfaceOrientationPortraitUpsideDown UIInterfaceOrientationLandscapeLeft UIInterfaceOrientationLandscapeRight";
				INFOPLIST_KEY_UISupportedInterfaceOrientations_iPhone = "UIInterfaceOrientationPortrait UIInterfaceOrientationLandscapeLeft UIInterfaceOrientationLandscapeRight";
				LD_RUNPATH_SEARCH_PATHS = (
					"$(inherited)",
					"@executable_path/Frameworks",
				);
				MARKETING_VERSION = 1.0;
				PRODUCT_BUNDLE_IDENTIFIER = com.AliAghamirbabei.SolidPrinciples;
				PRODUCT_NAME = "$(TARGET_NAME)";
				SWIFT_EMIT_LOC_STRINGS = YES;
				SWIFT_VERSION = 5.0;
				TARGETED_DEVICE_FAMILY = "1,2";
			};
			name = Debug;
		};
		30FBD3CF27BEDBB400FA8C43 /* Release */ = {
			isa = XCBuildConfiguration;
			buildSettings = {
				ASSETCATALOG_COMPILER_APPICON_NAME = AppIcon;
				ASSETCATALOG_COMPILER_GLOBAL_ACCENT_COLOR_NAME = AccentColor;
				CODE_SIGN_STYLE = Automatic;
				CURRENT_PROJECT_VERSION = 1;
				DEVELOPMENT_ASSET_PATHS = "\"SolidPrinciples/Preview Content\"";
				DEVELOPMENT_TEAM = N4Y99Y6PT4;
				ENABLE_PREVIEWS = YES;
				GENERATE_INFOPLIST_FILE = YES;
				INFOPLIST_KEY_UIApplicationSceneManifest_Generation = YES;
				INFOPLIST_KEY_UIApplicationSupportsIndirectInputEvents = YES;
				INFOPLIST_KEY_UILaunchScreen_Generation = YES;
				INFOPLIST_KEY_UISupportedInterfaceOrientations_iPad = "UIInterfaceOrientationPortrait UIInterfaceOrientationPortraitUpsideDown UIInterfaceOrientationLandscapeLeft UIInterfaceOrientationLandscapeRight";
				INFOPLIST_KEY_UISupportedInterfaceOrientations_iPhone = "UIInterfaceOrientationPortrait UIInterfaceOrientationLandscapeLeft UIInterfaceOrientationLandscapeRight";
				LD_RUNPATH_SEARCH_PATHS = (
					"$(inherited)",
					"@executable_path/Frameworks",
				);
				MARKETING_VERSION = 1.0;
				PRODUCT_BUNDLE_IDENTIFIER = com.AliAghamirbabei.SolidPrinciples;
				PRODUCT_NAME = "$(TARGET_NAME)";
				SWIFT_EMIT_LOC_STRINGS = YES;
				SWIFT_VERSION = 5.0;
				TARGETED_DEVICE_FAMILY = "1,2";
			};
			name = Release;
		};
/* End XCBuildConfiguration section */

/* Begin XCConfigurationList section */
		30FBD3BA27BEDBB100FA8C43 /* Build configuration list for PBXProject "SolidPrinciples" */ = {
			isa = XCConfigurationList;
			buildConfigurations = (
				30FBD3CB27BEDBB400FA8C43 /* Debug */,
				30FBD3CC27BEDBB400FA8C43 /* Release */,
			);
			defaultConfigurationIsVisible = 0;
			defaultConfigurationName = Release;
		};
		30FBD3CD27BEDBB400FA8C43 /* Build configuration list for PBXNativeTarget "SolidPrinciples" */ = {
			isa = XCConfigurationList;
			buildConfigurations = (
				30FBD3CE27BEDBB400FA8C43 /* Debug */,
				30FBD3CF27BEDBB400FA8C43 /* Release */,
			);
			defaultConfigurationIsVisible = 0;
			defaultConfigurationName = Release;
		};
/* End XCConfigurationList section */
	};
	rootObject = 30FBD3B727BEDBB100FA8C43 /* Project object */;
}
